// !$*UTF8*$!
{
	archiveVersion = 1;
	classes = {
	};
	objectVersion = 50;
	objects = {

/* Begin PBXBuildFile section */
		09895C83256172AB00B77B1F /* AppDelegate.swift in Sources */ = {isa = PBXBuildFile; fileRef = 09895C82256172AB00B77B1F /* AppDelegate.swift */; };
		09895C85256172AB00B77B1F /* SceneDelegate.swift in Sources */ = {isa = PBXBuildFile; fileRef = 09895C84256172AB00B77B1F /* SceneDelegate.swift */; };
		09895C87256172AB00B77B1F /* ViewController.swift in Sources */ = {isa = PBXBuildFile; fileRef = 09895C86256172AB00B77B1F /* ViewController.swift */; };
		09895C8A256172AB00B77B1F /* Main.storyboard in Resources */ = {isa = PBXBuildFile; fileRef = 09895C88256172AB00B77B1F /* Main.storyboard */; };
		09895C8C256172AC00B77B1F /* Assets.xcassets in Resources */ = {isa = PBXBuildFile; fileRef = 09895C8B256172AC00B77B1F /* Assets.xcassets */; };
		09895C8F256172AC00B77B1F /* LaunchScreen.storyboard in Resources */ = {isa = PBXBuildFile; fileRef = 09895C8D256172AC00B77B1F /* LaunchScreen.storyboard */; };
		09895C9A256172AD00B77B1F /* UiSegmentedControlTests.swift in Sources */ = {isa = PBXBuildFile; fileRef = 09895C99256172AD00B77B1F /* UiSegmentedControlTests.swift */; };
		09895CA5256172AD00B77B1F /* UiSegmentedControlUITests.swift in Sources */ = {isa = PBXBuildFile; fileRef = 09895CA4256172AD00B77B1F /* UiSegmentedControlUITests.swift */; };
/* End PBXBuildFile section */

/* Begin PBXContainerItemProxy section */
		09895C96256172AD00B77B1F /* PBXContainerItemProxy */ = {
			isa = PBXContainerItemProxy;
			containerPortal = 09895C77256172AB00B77B1F /* Project object */;
			proxyType = 1;
			remoteGlobalIDString = 09895C7E256172AB00B77B1F;
			remoteInfo = UiSegmentedControl;
		};
		09895CA1256172AD00B77B1F /* PBXContainerItemProxy */ = {
			isa = PBXContainerItemProxy;
			containerPortal = 09895C77256172AB00B77B1F /* Project object */;
			proxyType = 1;
			remoteGlobalIDString = 09895C7E256172AB00B77B1F;
			remoteInfo = UiSegmentedControl;
		};
/* End PBXContainerItemProxy section */

/* Begin PBXFileReference section */
		09895C7F256172AB00B77B1F /* UiSegmentedControl.app */ = {isa = PBXFileReference; explicitFileType = wrapper.application; includeInIndex = 0; path = UiSegmentedControl.app; sourceTree = BUILT_PRODUCTS_DIR; };
		09895C82256172AB00B77B1F /* AppDelegate.swift */ = {isa = PBXFileReference; lastKnownFileType = sourcecode.swift; path = AppDelegate.swift; sourceTree = "<group>"; };
		09895C84256172AB00B77B1F /* SceneDelegate.swift */ = {isa = PBXFileReference; lastKnownFileType = sourcecode.swift; path = SceneDelegate.swift; sourceTree = "<group>"; };
		09895C86256172AB00B77B1F /* ViewController.swift */ = {isa = PBXFileReference; lastKnownFileType = sourcecode.swift; path = ViewController.swift; sourceTree = "<group>"; };
		09895C89256172AB00B77B1F /* Base */ = {isa = PBXFileReference; lastKnownFileType = file.storyboard; name = Base; path = Base.lproj/Main.storyboard; sourceTree = "<group>"; };
		09895C8B256172AC00B77B1F /* Assets.xcassets */ = {isa = PBXFileReference; lastKnownFileType = folder.assetcatalog; path = Assets.xcassets; sourceTree = "<group>"; };
		09895C8E256172AC00B77B1F /* Base */ = {isa = PBXFileReference; lastKnownFileType = file.storyboard; name = Base; path = Base.lproj/LaunchScreen.storyboard; sourceTree = "<group>"; };
		09895C90256172AC00B77B1F /* Info.plist */ = {isa = PBXFileReference; lastKnownFileType = text.plist.xml; path = Info.plist; sourceTree = "<group>"; };
		09895C95256172AD00B77B1F /* UiSegmentedControlTests.xctest */ = {isa = PBXFileReference; explicitFileType = wrapper.cfbundle; includeInIndex = 0; path = UiSegmentedControlTests.xctest; sourceTree = BUILT_PRODUCTS_DIR; };
		09895C99256172AD00B77B1F /* UiSegmentedControlTests.swift */ = {isa = PBXFileReference; lastKnownFileType = sourcecode.swift; path = UiSegmentedControlTests.swift; sourceTree = "<group>"; };
		09895C9B256172AD00B77B1F /* Info.plist */ = {isa = PBXFileReference; lastKnownFileType = text.plist.xml; path = Info.plist; sourceTree = "<group>"; };
		09895CA0256172AD00B77B1F /* UiSegmentedControlUITests.xctest */ = {isa = PBXFileReference; explicitFileType = wrapper.cfbundle; includeInIndex = 0; path = UiSegmentedControlUITests.xctest; sourceTree = BUILT_PRODUCTS_DIR; };
		09895CA4256172AD00B77B1F /* UiSegmentedControlUITests.swift */ = {isa = PBXFileReference; lastKnownFileType = sourcecode.swift; path = UiSegmentedControlUITests.swift; sourceTree = "<group>"; };
		09895CA6256172AD00B77B1F /* Info.plist */ = {isa = PBXFileReference; lastKnownFileType = text.plist.xml; path = Info.plist; sourceTree = "<group>"; };
/* End PBXFileReference section */

/* Begin PBXFrameworksBuildPhase section */
		09895C7C256172AB00B77B1F /* Frameworks */ = {
			isa = PBXFrameworksBuildPhase;
			buildActionMask = 2147483647;
			files = (
			);
			runOnlyForDeploymentPostprocessing = 0;
		};
		09895C92256172AD00B77B1F /* Frameworks */ = {
			isa = PBXFrameworksBuildPhase;
			buildActionMask = 2147483647;
			files = (
			);
			runOnlyForDeploymentPostprocessing = 0;
		};
		09895C9D256172AD00B77B1F /* Frameworks */ = {
			isa = PBXFrameworksBuildPhase;
			buildActionMask = 2147483647;
			files = (
			);
			runOnlyForDeploymentPostprocessing = 0;
		};
/* End PBXFrameworksBuildPhase section */

/* Begin PBXGroup section */
		09895C76256172AB00B77B1F = {
			isa = PBXGroup;
			children = (
				09895C81256172AB00B77B1F /* UiSegmentedControl */,
				09895C98256172AD00B77B1F /* UiSegmentedControlTests */,
				09895CA3256172AD00B77B1F /* UiSegmentedControlUITests */,
				09895C80256172AB00B77B1F /* Products */,
			);
			sourceTree = "<group>";
		};
		09895C80256172AB00B77B1F /* Products */ = {
			isa = PBXGroup;
			children = (
				09895C7F256172AB00B77B1F /* UiSegmentedControl.app */,
				09895C95256172AD00B77B1F /* UiSegmentedControlTests.xctest */,
				09895CA0256172AD00B77B1F /* UiSegmentedControlUITests.xctest */,
			);
			name = Products;
			sourceTree = "<group>";
		};
		09895C81256172AB00B77B1F /* UiSegmentedControl */ = {
			isa = PBXGroup;
			children = (
				09895C82256172AB00B77B1F /* AppDelegate.swift */,
				09895C84256172AB00B77B1F /* SceneDelegate.swift */,
				09895C86256172AB00B77B1F /* ViewController.swift */,
				09895C88256172AB00B77B1F /* Main.storyboard */,
				09895C8B256172AC00B77B1F /* Assets.xcassets */,
				09895C8D256172AC00B77B1F /* LaunchScreen.storyboard */,
				09895C90256172AC00B77B1F /* Info.plist */,
			);
			path = UiSegmentedControl;
			sourceTree = "<group>";
		};
		09895C98256172AD00B77B1F /* UiSegmentedControlTests */ = {
			isa = PBXGroup;
			children = (
				09895C99256172AD00B77B1F /* UiSegmentedControlTests.swift */,
				09895C9B256172AD00B77B1F /* Info.plist */,
			);
			path = UiSegmentedControlTests;
			sourceTree = "<group>";
		};
		09895CA3256172AD00B77B1F /* UiSegmentedControlUITests */ = {
			isa = PBXGroup;
			children = (
				09895CA4256172AD00B77B1F /* UiSegmentedControlUITests.swift */,
				09895CA6256172AD00B77B1F /* Info.plist */,
			);
			path = UiSegmentedControlUITests;
			sourceTree = "<group>";
		};
/* End PBXGroup section */

/* Begin PBXNativeTarget section */
		09895C7E256172AB00B77B1F /* UiSegmentedControl */ = {
			isa = PBXNativeTarget;
			buildConfigurationList = 09895CA9256172AD00B77B1F /* Build configuration list for PBXNativeTarget "UiSegmentedControl" */;
			buildPhases = (
				09895C7B256172AB00B77B1F /* Sources */,
				09895C7C256172AB00B77B1F /* Frameworks */,
				09895C7D256172AB00B77B1F /* Resources */,
			);
			buildRules = (
			);
			dependencies = (
			);
			name = UiSegmentedControl;
			productName = UiSegmentedControl;
			productReference = 09895C7F256172AB00B77B1F /* UiSegmentedControl.app */;
			productType = "com.apple.product-type.application";
		};
		09895C94256172AD00B77B1F /* UiSegmentedControlTests */ = {
			isa = PBXNativeTarget;
			buildConfigurationList = 09895CAC256172AD00B77B1F /* Build configuration list for PBXNativeTarget "UiSegmentedControlTests" */;
			buildPhases = (
				09895C91256172AD00B77B1F /* Sources */,
				09895C92256172AD00B77B1F /* Frameworks */,
				09895C93256172AD00B77B1F /* Resources */,
			);
			buildRules = (
			);
			dependencies = (
				09895C97256172AD00B77B1F /* PBXTargetDependency */,
			);
			name = UiSegmentedControlTests;
			productName = UiSegmentedControlTests;
			productReference = 09895C95256172AD00B77B1F /* UiSegmentedControlTests.xctest */;
			productType = "com.apple.product-type.bundle.unit-test";
		};
		09895C9F256172AD00B77B1F /* UiSegmentedControlUITests */ = {
			isa = PBXNativeTarget;
			buildConfigurationList = 09895CAF256172AD00B77B1F /* Build configuration list for PBXNativeTarget "UiSegmentedControlUITests" */;
			buildPhases = (
				09895C9C256172AD00B77B1F /* Sources */,
				09895C9D256172AD00B77B1F /* Frameworks */,
				09895C9E256172AD00B77B1F /* Resources */,
			);
			buildRules = (
			);
			dependencies = (
				09895CA2256172AD00B77B1F /* PBXTargetDependency */,
			);
			name = UiSegmentedControlUITests;
			productName = UiSegmentedControlUITests;
			productReference = 09895CA0256172AD00B77B1F /* UiSegmentedControlUITests.xctest */;
			productType = "com.apple.product-type.bundle.ui-testing";
		};
/* End PBXNativeTarget section */

/* Begin PBXProject section */
		09895C77256172AB00B77B1F /* Project object */ = {
			isa = PBXProject;
			attributes = {
				LastSwiftUpdateCheck = 1220;
				LastUpgradeCheck = 1220;
				TargetAttributes = {
					09895C7E256172AB00B77B1F = {
						CreatedOnToolsVersion = 12.2;
					};
					09895C94256172AD00B77B1F = {
						CreatedOnToolsVersion = 12.2;
						TestTargetID = 09895C7E256172AB00B77B1F;
					};
					09895C9F256172AD00B77B1F = {
						CreatedOnToolsVersion = 12.2;
						TestTargetID = 09895C7E256172AB00B77B1F;
					};
				};
			};
			buildConfigurationList = 09895C7A256172AB00B77B1F /* Build configuration list for PBXProject "UiSegmentedControl" */;
			compatibilityVersion = "Xcode 9.3";
			developmentRegion = en;
			hasScannedForEncodings = 0;
			knownRegions = (
				en,
				Base,
			);
			mainGroup = 09895C76256172AB00B77B1F;
			productRefGroup = 09895C80256172AB00B77B1F /* Products */;
			projectDirPath = "";
			projectRoot = "";
			targets = (
				09895C7E256172AB00B77B1F /* UiSegmentedControl */,
				09895C94256172AD00B77B1F /* UiSegmentedControlTests */,
				09895C9F256172AD00B77B1F /* UiSegmentedControlUITests */,
			);
		};
/* End PBXProject section */

/* Begin PBXResourcesBuildPhase section */
		09895C7D256172AB00B77B1F /* Resources */ = {
			isa = PBXResourcesBuildPhase;
			buildActionMask = 2147483647;
			files = (
				09895C8F256172AC00B77B1F /* LaunchScreen.storyboard in Resources */,
				09895C8C256172AC00B77B1F /* Assets.xcassets in Resources */,
				09895C8A256172AB00B77B1F /* Main.storyboard in Resources */,
			);
			runOnlyForDeploymentPostprocessing = 0;
		};
		09895C93256172AD00B77B1F /* Resources */ = {
			isa = PBXResourcesBuildPhase;
			buildActionMask = 2147483647;
			files = (
			);
			runOnlyForDeploymentPostprocessing = 0;
		};
		09895C9E256172AD00B77B1F /* Resources */ = {
			isa = PBXResourcesBuildPhase;
			buildActionMask = 2147483647;
			files = (
			);
			runOnlyForDeploymentPostprocessing = 0;
		};
/* End PBXResourcesBuildPhase section */

/* Begin PBXSourcesBuildPhase section */
		09895C7B256172AB00B77B1F /* Sources */ = {
			isa = PBXSourcesBuildPhase;
			buildActionMask = 2147483647;
			files = (
				09895C87256172AB00B77B1F /* ViewController.swift in Sources */,
				09895C83256172AB00B77B1F /* AppDelegate.swift in Sources */,
				09895C85256172AB00B77B1F /* SceneDelegate.swift in Sources */,
			);
			runOnlyForDeploymentPostprocessing = 0;
		};
		09895C91256172AD00B77B1F /* Sources */ = {
			isa = PBXSourcesBuildPhase;
			buildActionMask = 2147483647;
			files = (
				09895C9A256172AD00B77B1F /* UiSegmentedControlTests.swift in Sources */,
			);
			runOnlyForDeploymentPostprocessing = 0;
		};
		09895C9C256172AD00B77B1F /* Sources */ = {
			isa = PBXSourcesBuildPhase;
			buildActionMask = 2147483647;
			files = (
				09895CA5256172AD00B77B1F /* UiSegmentedControlUITests.swift in Sources */,
			);
			runOnlyForDeploymentPostprocessing = 0;
		};
/* End PBXSourcesBuildPhase section */

/* Begin PBXTargetDependency section */
		09895C97256172AD00B77B1F /* PBXTargetDependency */ = {
			isa = PBXTargetDependency;
			target = 09895C7E256172AB00B77B1F /* UiSegmentedControl */;
			targetProxy = 09895C96256172AD00B77B1F /* PBXContainerItemProxy */;
		};
		09895CA2256172AD00B77B1F /* PBXTargetDependency */ = {
			isa = PBXTargetDependency;
			target = 09895C7E256172AB00B77B1F /* UiSegmentedControl */;
			targetProxy = 09895CA1256172AD00B77B1F /* PBXContainerItemProxy */;
		};
/* End PBXTargetDependency section */

/* Begin PBXVariantGroup section */
		09895C88256172AB00B77B1F /* Main.storyboard */ = {
			isa = PBXVariantGroup;
			children = (
				09895C89256172AB00B77B1F /* Base */,
			);
			name = Main.storyboard;
			sourceTree = "<group>";
		};
		09895C8D256172AC00B77B1F /* LaunchScreen.storyboard */ = {
			isa = PBXVariantGroup;
			children = (
				09895C8E256172AC00B77B1F /* Base */,
			);
			name = LaunchScreen.storyboard;
			sourceTree = "<group>";
		};
/* End PBXVariantGroup section */

/* Begin XCBuildConfiguration section */
		09895CA7256172AD00B77B1F /* Debug */ = {
			isa = XCBuildConfiguration;
			buildSettings = {
				ALWAYS_SEARCH_USER_PATHS = NO;
				CLANG_ANALYZER_NONNULL = YES;
				CLANG_ANALYZER_NUMBER_OBJECT_CONVERSION = YES_AGGRESSIVE;
				CLANG_CXX_LANGUAGE_STANDARD = "gnu++14";
				CLANG_CXX_LIBRARY = "libc++";
				CLANG_ENABLE_MODULES = YES;
				CLANG_ENABLE_OBJC_ARC = YES;
				CLANG_ENABLE_OBJC_WEAK = YES;
				CLANG_WARN_BLOCK_CAPTURE_AUTORELEASING = YES;
				CLANG_WARN_BOOL_CONVERSION = YES;
				CLANG_WARN_COMMA = YES;
				CLANG_WARN_CONSTANT_CONVERSION = YES;
				CLANG_WARN_DEPRECATED_OBJC_IMPLEMENTATIONS = YES;
				CLANG_WARN_DIRECT_OBJC_ISA_USAGE = YES_ERROR;
				CLANG_WARN_DOCUMENTATION_COMMENTS = YES;
				CLANG_WARN_EMPTY_BODY = YES;
				CLANG_WARN_ENUM_CONVERSION = YES;
				CLANG_WARN_INFINITE_RECURSION = YES;
				CLANG_WARN_INT_CONVERSION = YES;
				CLANG_WARN_NON_LITERAL_NULL_CONVERSION = YES;
				CLANG_WARN_OBJC_IMPLICIT_RETAIN_SELF = YES;
				CLANG_WARN_OBJC_LITERAL_CONVERSION = YES;
				CLANG_WARN_OBJC_ROOT_CLASS = YES_ERROR;
				CLANG_WARN_QUOTED_INCLUDE_IN_FRAMEWORK_HEADER = YES;
				CLANG_WARN_RANGE_LOOP_ANALYSIS = YES;
				CLANG_WARN_STRICT_PROTOTYPES = YES;
				CLANG_WARN_SUSPICIOUS_MOVE = YES;
				CLANG_WARN_UNGUARDED_AVAILABILITY = YES_AGGRESSIVE;
				CLANG_WARN_UNREACHABLE_CODE = YES;
				CLANG_WARN__DUPLICATE_METHOD_MATCH = YES;
				COPY_PHASE_STRIP = NO;
				DEBUG_INFORMATION_FORMAT = dwarf;
				ENABLE_STRICT_OBJC_MSGSEND = YES;
				ENABLE_TESTABILITY = YES;
				GCC_C_LANGUAGE_STANDARD = gnu11;
				GCC_DYNAMIC_NO_PIC = NO;
				GCC_NO_COMMON_BLOCKS = YES;
				GCC_OPTIMIZATION_LEVEL = 0;
				GCC_PREPROCESSOR_DEFINITIONS = (
					"DEBUG=1",
					"$(inherited)",
				);
				GCC_WARN_64_TO_32_BIT_CONVERSION = YES;
				GCC_WARN_ABOUT_RETURN_TYPE = YES_ERROR;
				GCC_WARN_UNDECLARED_SELECTOR = YES;
				GCC_WARN_UNINITIALIZED_AUTOS = YES_AGGRESSIVE;
				GCC_WARN_UNUSED_FUNCTION = YES;
				GCC_WARN_UNUSED_VARIABLE = YES;
				IPHONEOS_DEPLOYMENT_TARGET = 14.2;
				MTL_ENABLE_DEBUG_INFO = INCLUDE_SOURCE;
				MTL_FAST_MATH = YES;
				ONLY_ACTIVE_ARCH = YES;
				SDKROOT = iphoneos;
				SWIFT_ACTIVE_COMPILATION_CONDITIONS = DEBUG;
				SWIFT_OPTIMIZATION_LEVEL = "-Onone";
			};
			name = Debug;
		};
		09895CA8256172AD00B77B1F /* Release */ = {
			isa = XCBuildConfiguration;
			buildSettings = {
				ALWAYS_SEARCH_USER_PATHS = NO;
				CLANG_ANALYZER_NONNULL = YES;
				CLANG_ANALYZER_NUMBER_OBJECT_CONVERSION = YES_AGGRESSIVE;
				CLANG_CXX_LANGUAGE_STANDARD = "gnu++14";
				CLANG_CXX_LIBRARY = "libc++";
				CLANG_ENABLE_MODULES = YES;
				CLANG_ENABLE_OBJC_ARC = YES;
				CLANG_ENABLE_OBJC_WEAK = YES;
				CLANG_WARN_BLOCK_CAPTURE_AUTORELEASING = YES;
				CLANG_WARN_BOOL_CONVERSION = YES;
				CLANG_WARN_COMMA = YES;
				CLANG_WARN_CONSTANT_CONVERSION = YES;
				CLANG_WARN_DEPRECATED_OBJC_IMPLEMENTATIONS = YES;
				CLANG_WARN_DIRECT_OBJC_ISA_USAGE = YES_ERROR;
				CLANG_WARN_DOCUMENTATION_COMMENTS = YES;
				CLANG_WARN_EMPTY_BODY = YES;
				CLANG_WARN_ENUM_CONVERSION = YES;
				CLANG_WARN_INFINITE_RECURSION = YES;
				CLANG_WARN_INT_CONVERSION = YES;
				CLANG_WARN_NON_LITERAL_NULL_CONVERSION = YES;
				CLANG_WARN_OBJC_IMPLICIT_RETAIN_SELF = YES;
				CLANG_WARN_OBJC_LITERAL_CONVERSION = YES;
				CLANG_WARN_OBJC_ROOT_CLASS = YES_ERROR;
				CLANG_WARN_QUOTED_INCLUDE_IN_FRAMEWORK_HEADER = YES;
				CLANG_WARN_RANGE_LOOP_ANALYSIS = YES;
				CLANG_WARN_STRICT_PROTOTYPES = YES;
				CLANG_WARN_SUSPICIOUS_MOVE = YES;
				CLANG_WARN_UNGUARDED_AVAILABILITY = YES_AGGRESSIVE;
				CLANG_WARN_UNREACHABLE_CODE = YES;
				CLANG_WARN__DUPLICATE_METHOD_MATCH = YES;
				COPY_PHASE_STRIP = NO;
				DEBUG_INFORMATION_FORMAT = "dwarf-with-dsym";
				ENABLE_NS_ASSERTIONS = NO;
				ENABLE_STRICT_OBJC_MSGSEND = YES;
				GCC_C_LANGUAGE_STANDARD = gnu11;
				GCC_NO_COMMON_BLOCKS = YES;
				GCC_WARN_64_TO_32_BIT_CONVERSION = YES;
				GCC_WARN_ABOUT_RETURN_TYPE = YES_ERROR;
				GCC_WARN_UNDECLARED_SELECTOR = YES;
				GCC_WARN_UNINITIALIZED_AUTOS = YES_AGGRESSIVE;
				GCC_WARN_UNUSED_FUNCTION = YES;
				GCC_WARN_UNUSED_VARIABLE = YES;
				IPHONEOS_DEPLOYMENT_TARGET = 14.2;
				MTL_ENABLE_DEBUG_INFO = NO;
				MTL_FAST_MATH = YES;
				SDKROOT = iphoneos;
				SWIFT_COMPILATION_MODE = wholemodule;
				SWIFT_OPTIMIZATION_LEVEL = "-O";
				VALIDATE_PRODUCT = YES;
			};
			name = Release;
		};
		09895CAA256172AD00B77B1F /* Debug */ = {
			isa = XCBuildConfiguration;
			buildSettings = {
				ASSETCATALOG_COMPILER_APPICON_NAME = AppIcon;
				ASSETCATALOG_COMPILER_GLOBAL_ACCENT_COLOR_NAME = AccentColor;
				CODE_SIGN_STYLE = Automatic;
				DEVELOPMENT_TEAM = 4T6M5D64Z8;
				INFOPLIST_FILE = UiSegmentedControl/Info.plist;
				LD_RUNPATH_SEARCH_PATHS = (
					"$(inherited)",
					"@executable_path/Frameworks",
				);
				PRODUCT_BUNDLE_IDENTIFIER = soaringman.UiSegmentedControl;
				PRODUCT_NAME = "$(TARGET_NAME)";
				SWIFT_VERSION = 5.0;
				TARGETED_DEVICE_FAMILY = "1,2";
			};
			name = Debug;
		};
		09895CAB256172AD00B77B1F /* Release */ = {
			isa = XCBuildConfiguration;
			buildSettings = {
				ASSETCATALOG_COMPILER_APPICON_NAME = AppIcon;
				ASSETCATALOG_COMPILER_GLOBAL_ACCENT_COLOR_NAME = AccentColor;
				CODE_SIGN_STYLE = Automatic;
				DEVELOPMENT_TEAM = 4T6M5D64Z8;
				INFOPLIST_FILE = UiSegmentedControl/Info.plist;
				LD_RUNPATH_SEARCH_PATHS = (
					"$(inherited)",
					"@executable_path/Frameworks",
				);
				PRODUCT_BUNDLE_IDENTIFIER = soaringman.UiSegmentedControl;
				PRODUCT_NAME = "$(TARGET_NAME)";
				SWIFT_VERSION = 5.0;
				TARGETED_DEVICE_FAMILY = "1,2";
			};
			name = Release;
		};
		09895CAD256172AD00B77B1F /* Debug */ = {
			isa = XCBuildConfiguration;
			buildSettings = {
				ALWAYS_EMBED_SWIFT_STANDARD_LIBRARIES = YES;
				BUNDLE_LOADER = "$(TEST_HOST)";
				CODE_SIGN_STYLE = Automatic;
				DEVELOPMENT_TEAM = 4T6M5D64Z8;
				INFOPLIST_FILE = UiSegmentedControlTests/Info.plist;
				IPHONEOS_DEPLOYMENT_TARGET = 14.2;
				LD_RUNPATH_SEARCH_PATHS = (
					"$(inherited)",
					"@executable_path/Frameworks",
					"@loader_path/Frameworks",
				);
				PRODUCT_BUNDLE_IDENTIFIER = soaringman.UiSegmentedControlTests;
				PRODUCT_NAME = "$(TARGET_NAME)";
				SWIFT_VERSION = 5.0;
				TARGETED_DEVICE_FAMILY = "1,2";
				TEST_HOST = "$(BUILT_PRODUCTS_DIR)/UiSegmentedControl.app/UiSegmentedControl";
			};
			name = Debug;
		};
		09895CAE256172AD00B77B1F /* Release */ = {
			isa = XCBuildConfiguration;
			buildSettings = {
				ALWAYS_EMBED_SWIFT_STANDARD_LIBRARIES = YES;
				BUNDLE_LOADER = "$(TEST_HOST)";
				CODE_SIGN_STYLE = Automatic;
				DEVELOPMENT_TEAM = 4T6M5D64Z8;
				INFOPLIST_FILE = UiSegmentedControlTests/Info.plist;
				IPHONEOS_DEPLOYMENT_TARGET = 14.2;
				LD_RUNPATH_SEARCH_PATHS = (
					"$(inherited)",
					"@executable_path/Frameworks",
					"@loader_path/Frameworks",
				);
				PRODUCT_BUNDLE_IDENTIFIER = soaringman.UiSegmentedControlTests;
				PRODUCT_NAME = "$(TARGET_NAME)";
				SWIFT_VERSION = 5.0;
				TARGETED_DEVICE_FAMILY = "1,2";
				TEST_HOST = "$(BUILT_PRODUCTS_DIR)/UiSegmentedControl.app/UiSegmentedControl";
			};
			name = Release;
		};
		09895CB0256172AD00B77B1F /* Debug */ = {
			isa = XCBuildConfiguration;
			buildSettings = {
				ALWAYS_EMBED_SWIFT_STANDARD_LIBRARIES = YES;
				CODE_SIGN_STYLE = Automatic;
				DEVELOPMENT_TEAM = 4T6M5D64Z8;
				INFOPLIST_FILE = UiSegmentedControlUITests/Info.plist;
				LD_RUNPATH_SEARCH_PATHS = (
					"$(inherited)",
					"@executable_path/Frameworks",
					"@loader_path/Frameworks",
				);
				PRODUCT_BUNDLE_IDENTIFIER = soaringman.UiSegmentedControlUITests;
				PRODUCT_NAME = "$(TARGET_NAME)";
				SWIFT_VERSION = 5.0;
				TARGETED_DEVICE_FAMILY = "1,2";
				TEST_TARGET_NAME = UiSegmentedControl;
			};
			name = Debug;
		};
		09895CB1256172AD00B77B1F /* Release */ = {
			isa = XCBuildConfiguration;
			buildSettings = {
				ALWAYS_EMBED_SWIFT_STANDARD_LIBRARIES = YES;
				CODE_SIGN_STYLE = Automatic;
				DEVELOPMENT_TEAM = 4T6M5D64Z8;
				INFOPLIST_FILE = UiSegmentedControlUITests/Info.plist;
				LD_RUNPATH_SEARCH_PATHS = (
					"$(inherited)",
					"@executable_path/Frameworks",
					"@loader_path/Frameworks",
				);
				PRODUCT_BUNDLE_IDENTIFIER = soaringman.UiSegmentedControlUITests;
				PRODUCT_NAME = "$(TARGET_NAME)";
				SWIFT_VERSION = 5.0;
				TARGETED_DEVICE_FAMILY = "1,2";
				TEST_TARGET_NAME = UiSegmentedControl;
			};
			name = Release;
		};
/* End XCBuildConfiguration section */

/* Begin XCConfigurationList section */
		09895C7A256172AB00B77B1F /* Build configuration list for PBXProject "UiSegmentedControl" */ = {
			isa = XCConfigurationList;
			buildConfigurations = (
				09895CA7256172AD00B77B1F /* Debug */,
				09895CA8256172AD00B77B1F /* Release */,
			);
			defaultConfigurationIsVisible = 0;
			defaultConfigurationName = Release;
		};
		09895CA9256172AD00B77B1F /* Build configuration list for PBXNativeTarget "UiSegmentedControl" */ = {
			isa = XCConfigurationList;
			buildConfigurations = (
				09895CAA256172AD00B77B1F /* Debug */,
				09895CAB256172AD00B77B1F /* Release */,
			);
			defaultConfigurationIsVisible = 0;
			defaultConfigurationName = Release;
		};
		09895CAC256172AD00B77B1F /* Build configuration list for PBXNativeTarget "UiSegmentedControlTests" */ = {
			isa = XCConfigurationList;
			buildConfigurations = (
				09895CAD256172AD00B77B1F /* Debug */,
				09895CAE256172AD00B77B1F /* Release */,
			);
			defaultConfigurationIsVisible = 0;
			defaultConfigurationName = Release;
		};
		09895CAF256172AD00B77B1F /* Build configuration list for PBXNativeTarget "UiSegmentedControlUITests" */ = {
			isa = XCConfigurationList;
			buildConfigurations = (
				09895CB0256172AD00B77B1F /* Debug */,
				09895CB1256172AD00B77B1F /* Release */,
			);
			defaultConfigurationIsVisible = 0;
			defaultConfigurationName = Release;
		};
/* End XCConfigurationList section */
	};
	rootObject = 09895C77256172AB00B77B1F /* Project object */;
}
